
Microsoft Visual Studio Solution File, Format Version 12.00
# Visual Studio Version 17
VisualStudioVersion = 17.11.35327.3
MinimumVisualStudioVersion = 10.0.40219.1
Project("{FAE04EC0-301F-11D3-BF4B-00C04F79EFBC}") = "TI_lab_2", "TI_lab_2.csproj", "{C67C3CAB-F753-491B-8288-FF8F8603AAB7}"
EndProject
Global
	GlobalSection(SolutionConfigurationPlatforms) = preSolution
		Debug|Any CPU = Debug|Any CPU
		Release|Any CPU = Release|Any CPU
	EndGlobalSection
	GlobalSection(ProjectConfigurationPlatforms) = postSolution
		{C67C3CAB-F753-491B-8288-FF8F8603AAB7}.Debug|Any CPU.ActiveCfg = Debug|Any CPU
		{C67C3CAB-F753-491B-8288-FF8F8603AAB7}.Debug|Any CPU.Build.0 = Debug|Any CPU
		{C67C3CAB-F753-491B-8288-FF8F8603AAB7}.Release|Any CPU.ActiveCfg = Release|Any CPU
		{C67C3CAB-F753-491B-8288-FF8F8603AAB7}.Release|Any CPU.Build.0 = Release|Any CPU
	EndGlobalSection
	GlobalSection(SolutionProperties) = preSolution
		HideSolutionNode = FALSE
	EndGlobalSection
	GlobalSection(ExtensibilityGlobals) = postSolution
		SolutionGuid = {EDBC0697-7645-45DF-ADF7-3995FB8BC140}
	EndGlobalSection
EndGlobal
